
Microsoft Visual Studio Solution File, Format Version 12.00
# Visual Studio Version 16
VisualStudioVersion = 16.0.29519.181
MinimumVisualStudioVersion = 10.0.40219.1
Project("{8BC9CEB8-8B4A-11D0-8D11-00A0C91BC942}") = "NumericalDifferentiation2", "NumericalDifferentiation2\NumericalDifferentiation2.vcxproj", "{A8A62988-F7E8-498C-886A-2AE8DDD0C292}"
EndProject
Global
	GlobalSection(SolutionConfigurationPlatforms) = preSolution
		Debug|x64 = Debug|x64
		Debug|x86 = Debug|x86
		Release|x64 = Release|x64
		Release|x86 = Release|x86
	EndGlobalSection
	GlobalSection(ProjectConfigurationPlatforms) = postSolution
		{A8A62988-F7E8-498C-886A-2AE8DDD0C292}.Debug|x64.ActiveCfg = Debug|x64
		{A8A62988-F7E8-498C-886A-2AE8DDD0C292}.Debug|x64.Build.0 = Debug|x64
		{A8A62988-F7E8-498C-886A-2AE8DDD0C292}.Debug|x86.ActiveCfg = Debug|Win32
		{A8A62988-F7E8-498C-886A-2AE8DDD0C292}.Debug|x86.Build.0 = Debug|Win32
		{A8A62988-F7E8-498C-886A-2AE8DDD0C292}.Release|x64.ActiveCfg = Release|x64
		{A8A62988-F7E8-498C-886A-2AE8DDD0C292}.Release|x64.Build.0 = Release|x64
		{A8A62988-F7E8-498C-886A-2AE8DDD0C292}.Release|x86.ActiveCfg = Release|Win32
		{A8A62988-F7E8-498C-886A-2AE8DDD0C292}.Release|x86.Build.0 = Release|Win32
	EndGlobalSection
	GlobalSection(SolutionProperties) = preSolution
		HideSolutionNode = FALSE
	EndGlobalSection
	GlobalSection(ExtensibilityGlobals) = postSolution
		SolutionGuid = {E6A0BC3E-55FE-4316-BA44-19B7F7FB1E9D}
	EndGlobalSection
EndGlobal
